// !$*UTF8*$!
{
	archiveVersion = 1;
	classes = {
	};
	objectVersion = 56;
	objects = {

/* Begin PBXBuildFile section */
		193563162ACDCC2B00AEAEAE /* PokemonTestProjectApp.swift in Sources */ = {isa = PBXBuildFile; fileRef = 193563152ACDCC2B00AEAEAE /* PokemonTestProjectApp.swift */; };
		193563182ACDCC2B00AEAEAE /* ContentView.swift in Sources */ = {isa = PBXBuildFile; fileRef = 193563172ACDCC2B00AEAEAE /* ContentView.swift */; };
		1935631A2ACDCC2F00AEAEAE /* Assets.xcassets in Resources */ = {isa = PBXBuildFile; fileRef = 193563192ACDCC2F00AEAEAE /* Assets.xcassets */; };
		1935631D2ACDCC2F00AEAEAE /* Preview Assets.xcassets in Resources */ = {isa = PBXBuildFile; fileRef = 1935631C2ACDCC2F00AEAEAE /* Preview Assets.xcassets */; };
		193563242ACEA87400AEAEAE /* Pokemon.swift in Sources */ = {isa = PBXBuildFile; fileRef = 193563232ACEA87400AEAEAE /* Pokemon.swift */; };
		193563272ACEA96400AEAEAE /* ListOfPokemons.swift in Sources */ = {isa = PBXBuildFile; fileRef = 193563262ACEA96400AEAEAE /* ListOfPokemons.swift */; };
		193563292ACED8A200AEAEAE /* PokemonIdentity.swift in Sources */ = {isa = PBXBuildFile; fileRef = 193563282ACED8A200AEAEAE /* PokemonIdentity.swift */; };
		1935632B2ACED9CB00AEAEAE /* DataSourceAPI.swift in Sources */ = {isa = PBXBuildFile; fileRef = 1935632A2ACED9CB00AEAEAE /* DataSourceAPI.swift */; };
		1935632D2ACEDAD600AEAEAE /* HTTPHeaders.swift in Sources */ = {isa = PBXBuildFile; fileRef = 1935632C2ACEDAD600AEAEAE /* HTTPHeaders.swift */; };
		1935632F2ACEDB5400AEAEAE /* HTTPMethod.swift in Sources */ = {isa = PBXBuildFile; fileRef = 1935632E2ACEDB5400AEAEAE /* HTTPMethod.swift */; };
		193563322ACEE69C00AEAEAE /* NetworkService.swift in Sources */ = {isa = PBXBuildFile; fileRef = 193563312ACEE69C00AEAEAE /* NetworkService.swift */; };
		193563352ACEE96200AEAEAE /* AppCache.swift in Sources */ = {isa = PBXBuildFile; fileRef = 193563342ACEE96200AEAEAE /* AppCache.swift */; };
		193563372ACEF05B00AEAEAE /* NetworkRequestError.swift in Sources */ = {isa = PBXBuildFile; fileRef = 193563362ACEF05B00AEAEAE /* NetworkRequestError.swift */; };
		193563392ACEF3D800AEAEAE /* NetworkServicing.swift in Sources */ = {isa = PBXBuildFile; fileRef = 193563382ACEF3D800AEAEAE /* NetworkServicing.swift */; };
		1935633B2ACEF5A800AEAEAE /* PokemonListView.swift in Sources */ = {isa = PBXBuildFile; fileRef = 1935633A2ACEF5A800AEAEAE /* PokemonListView.swift */; };
		1935633D2ACEFD0B00AEAEAE /* PokemonListViewInputing.swift in Sources */ = {isa = PBXBuildFile; fileRef = 1935633C2ACEFD0B00AEAEAE /* PokemonListViewInputing.swift */; };
		1935633F2ACEFFFF00AEAEAE /* PokemonListViewOutputting.swift in Sources */ = {isa = PBXBuildFile; fileRef = 1935633E2ACEFFFF00AEAEAE /* PokemonListViewOutputting.swift */; };
		19A4F2402ACF146C00E37561 /* PokemonListPresenter.swift in Sources */ = {isa = PBXBuildFile; fileRef = 19A4F23F2ACF146C00E37561 /* PokemonListPresenter.swift */; };
		19A4F2422ACF2B6200E37561 /* Pokemon+CodingKeys.swift in Sources */ = {isa = PBXBuildFile; fileRef = 19A4F2412ACF2B6200E37561 /* Pokemon+CodingKeys.swift */; };
		19A4F2452ACFE32B00E37561 /* PokemonListRouter.swift in Sources */ = {isa = PBXBuildFile; fileRef = 19A4F2442ACFE32B00E37561 /* PokemonListRouter.swift */; };
		19A4F2472ACFE33F00E37561 /* PokemonListRouterInputProtocol.swift in Sources */ = {isa = PBXBuildFile; fileRef = 19A4F2462ACFE33F00E37561 /* PokemonListRouterInputProtocol.swift */; };
		19A4F2492ACFED3D00E37561 /* TMPView.swift in Sources */ = {isa = PBXBuildFile; fileRef = 19A4F2482ACFED3D00E37561 /* TMPView.swift */; };
		19FEBDAB2ACF0F9900BEFEB0 /* PokemonListInteractor.swift in Sources */ = {isa = PBXBuildFile; fileRef = 193563522ACF04BA00AEAEAE /* PokemonListInteractor.swift */; };
		19FEBDAC2ACF0FA800BEFEB0 /* PokemonListInteractorOutputting.swift in Sources */ = {isa = PBXBuildFile; fileRef = 193563512ACF04BA00AEAEAE /* PokemonListInteractorOutputting.swift */; };
		19FEBDAD2ACF0FAA00BEFEB0 /* PokemonListInteractorInputing.swift in Sources */ = {isa = PBXBuildFile; fileRef = 193563532ACF04BA00AEAEAE /* PokemonListInteractorInputing.swift */; };
/* End PBXBuildFile section */

/* Begin PBXFileReference section */
		193563122ACDCC2B00AEAEAE /* PokemonTestProject.app */ = {isa = PBXFileReference; explicitFileType = wrapper.application; includeInIndex = 0; path = PokemonTestProject.app; sourceTree = BUILT_PRODUCTS_DIR; };
		193563152ACDCC2B00AEAEAE /* PokemonTestProjectApp.swift */ = {isa = PBXFileReference; lastKnownFileType = sourcecode.swift; path = PokemonTestProjectApp.swift; sourceTree = "<group>"; };
		193563172ACDCC2B00AEAEAE /* ContentView.swift */ = {isa = PBXFileReference; lastKnownFileType = sourcecode.swift; path = ContentView.swift; sourceTree = "<group>"; };
		193563192ACDCC2F00AEAEAE /* Assets.xcassets */ = {isa = PBXFileReference; lastKnownFileType = folder.assetcatalog; path = Assets.xcassets; sourceTree = "<group>"; };
		1935631C2ACDCC2F00AEAEAE /* Preview Assets.xcassets */ = {isa = PBXFileReference; lastKnownFileType = folder.assetcatalog; path = "Preview Assets.xcassets"; sourceTree = "<group>"; };
		193563232ACEA87400AEAEAE /* Pokemon.swift */ = {isa = PBXFileReference; lastKnownFileType = sourcecode.swift; path = Pokemon.swift; sourceTree = "<group>"; };
		193563262ACEA96400AEAEAE /* ListOfPokemons.swift */ = {isa = PBXFileReference; lastKnownFileType = sourcecode.swift; path = ListOfPokemons.swift; sourceTree = "<group>"; };
		193563282ACED8A200AEAEAE /* PokemonIdentity.swift */ = {isa = PBXFileReference; lastKnownFileType = sourcecode.swift; path = PokemonIdentity.swift; sourceTree = "<group>"; };
		1935632A2ACED9CB00AEAEAE /* DataSourceAPI.swift */ = {isa = PBXFileReference; lastKnownFileType = sourcecode.swift; path = DataSourceAPI.swift; sourceTree = "<group>"; };
		1935632C2ACEDAD600AEAEAE /* HTTPHeaders.swift */ = {isa = PBXFileReference; lastKnownFileType = sourcecode.swift; path = HTTPHeaders.swift; sourceTree = "<group>"; };
		1935632E2ACEDB5400AEAEAE /* HTTPMethod.swift */ = {isa = PBXFileReference; lastKnownFileType = sourcecode.swift; path = HTTPMethod.swift; sourceTree = "<group>"; };
		193563312ACEE69C00AEAEAE /* NetworkService.swift */ = {isa = PBXFileReference; lastKnownFileType = sourcecode.swift; path = NetworkService.swift; sourceTree = "<group>"; };
		193563342ACEE96200AEAEAE /* AppCache.swift */ = {isa = PBXFileReference; lastKnownFileType = sourcecode.swift; path = AppCache.swift; sourceTree = "<group>"; };
		193563362ACEF05B00AEAEAE /* NetworkRequestError.swift */ = {isa = PBXFileReference; lastKnownFileType = sourcecode.swift; path = NetworkRequestError.swift; sourceTree = "<group>"; };
		193563382ACEF3D800AEAEAE /* NetworkServicing.swift */ = {isa = PBXFileReference; lastKnownFileType = sourcecode.swift; path = NetworkServicing.swift; sourceTree = "<group>"; };
		1935633A2ACEF5A800AEAEAE /* PokemonListView.swift */ = {isa = PBXFileReference; lastKnownFileType = sourcecode.swift; path = PokemonListView.swift; sourceTree = "<group>"; };
		1935633C2ACEFD0B00AEAEAE /* PokemonListViewInputing.swift */ = {isa = PBXFileReference; lastKnownFileType = sourcecode.swift; path = PokemonListViewInputing.swift; sourceTree = "<group>"; };
		1935633E2ACEFFFF00AEAEAE /* PokemonListViewOutputting.swift */ = {isa = PBXFileReference; lastKnownFileType = sourcecode.swift; path = PokemonListViewOutputting.swift; sourceTree = "<group>"; };
		193563512ACF04BA00AEAEAE /* PokemonListInteractorOutputting.swift */ = {isa = PBXFileReference; lastKnownFileType = sourcecode.swift; path = PokemonListInteractorOutputting.swift; sourceTree = "<group>"; };
		193563522ACF04BA00AEAEAE /* PokemonListInteractor.swift */ = {isa = PBXFileReference; lastKnownFileType = sourcecode.swift; path = PokemonListInteractor.swift; sourceTree = "<group>"; };
		193563532ACF04BA00AEAEAE /* PokemonListInteractorInputing.swift */ = {isa = PBXFileReference; lastKnownFileType = sourcecode.swift; path = PokemonListInteractorInputing.swift; sourceTree = "<group>"; };
		19A4F23F2ACF146C00E37561 /* PokemonListPresenter.swift */ = {isa = PBXFileReference; lastKnownFileType = sourcecode.swift; path = PokemonListPresenter.swift; sourceTree = "<group>"; };
		19A4F2412ACF2B6200E37561 /* Pokemon+CodingKeys.swift */ = {isa = PBXFileReference; lastKnownFileType = sourcecode.swift; path = "Pokemon+CodingKeys.swift"; sourceTree = "<group>"; };
		19A4F2442ACFE32B00E37561 /* PokemonListRouter.swift */ = {isa = PBXFileReference; lastKnownFileType = sourcecode.swift; path = PokemonListRouter.swift; sourceTree = "<group>"; };
		19A4F2462ACFE33F00E37561 /* PokemonListRouterInputProtocol.swift */ = {isa = PBXFileReference; lastKnownFileType = sourcecode.swift; path = PokemonListRouterInputProtocol.swift; sourceTree = "<group>"; };
		19A4F2482ACFED3D00E37561 /* TMPView.swift */ = {isa = PBXFileReference; lastKnownFileType = sourcecode.swift; path = TMPView.swift; sourceTree = "<group>"; };
/* End PBXFileReference section */

/* Begin PBXFrameworksBuildPhase section */
		1935630F2ACDCC2B00AEAEAE /* Frameworks */ = {
			isa = PBXFrameworksBuildPhase;
			buildActionMask = 2147483647;
			files = (
			);
			runOnlyForDeploymentPostprocessing = 0;
		};
/* End PBXFrameworksBuildPhase section */

/* Begin PBXGroup section */
		193563092ACDCC2B00AEAEAE = {
			isa = PBXGroup;
			children = (
				193563142ACDCC2B00AEAEAE /* PokemonTestProject */,
				193563132ACDCC2B00AEAEAE /* Products */,
			);
			sourceTree = "<group>";
		};
		193563132ACDCC2B00AEAEAE /* Products */ = {
			isa = PBXGroup;
			children = (
				193563122ACDCC2B00AEAEAE /* PokemonTestProject.app */,
			);
			name = Products;
			sourceTree = "<group>";
		};
		193563142ACDCC2B00AEAEAE /* PokemonTestProject */ = {
			isa = PBXGroup;
			children = (
				193563172ACDCC2B00AEAEAE /* ContentView.swift */,
				19A4F2482ACFED3D00E37561 /* TMPView.swift */,
				193563152ACDCC2B00AEAEAE /* PokemonTestProjectApp.swift */,
				193563402ACF028D00AEAEAE /* PokemonListModule */,
				193563332ACEE94300AEAEAE /* NetworkService */,
				193563252ACEA87B00AEAEAE /* Entity */,
				193563192ACDCC2F00AEAEAE /* Assets.xcassets */,
				1935631B2ACDCC2F00AEAEAE /* Preview Content */,
			);
			path = PokemonTestProject;
			sourceTree = "<group>";
		};
		1935631B2ACDCC2F00AEAEAE /* Preview Content */ = {
			isa = PBXGroup;
			children = (
				1935631C2ACDCC2F00AEAEAE /* Preview Assets.xcassets */,
			);
			path = "Preview Content";
			sourceTree = "<group>";
		};
		193563252ACEA87B00AEAEAE /* Entity */ = {
			isa = PBXGroup;
			children = (
				19A4F2432ACF455500E37561 /* Pokemon */,
				193563262ACEA96400AEAEAE /* ListOfPokemons.swift */,
				193563282ACED8A200AEAEAE /* PokemonIdentity.swift */,
				193563302ACEE43100AEAEAE /* DataSourceAPI */,
			);
			path = Entity;
			sourceTree = "<group>";
		};
		193563302ACEE43100AEAEAE /* DataSourceAPI */ = {
			isa = PBXGroup;
			children = (
				1935632A2ACED9CB00AEAEAE /* DataSourceAPI.swift */,
				1935632C2ACEDAD600AEAEAE /* HTTPHeaders.swift */,
				1935632E2ACEDB5400AEAEAE /* HTTPMethod.swift */,
			);
			path = DataSourceAPI;
			sourceTree = "<group>";
		};
		193563332ACEE94300AEAEAE /* NetworkService */ = {
			isa = PBXGroup;
			children = (
				193563312ACEE69C00AEAEAE /* NetworkService.swift */,
				193563382ACEF3D800AEAEAE /* NetworkServicing.swift */,
				193563362ACEF05B00AEAEAE /* NetworkRequestError.swift */,
				193563342ACEE96200AEAEAE /* AppCache.swift */,
			);
			path = NetworkService;
			sourceTree = "<group>";
		};
		193563402ACF028D00AEAEAE /* PokemonListModule */ = {
			isa = PBXGroup;
			children = (
				193563412ACF02A500AEAEAE /* View */,
				1935634E2ACF04BA00AEAEAE /* PokemonListInteractor */,
				19A4F23F2ACF146C00E37561 /* PokemonListPresenter.swift */,
				19A4F2442ACFE32B00E37561 /* PokemonListRouter.swift */,
				19A4F2462ACFE33F00E37561 /* PokemonListRouterInputProtocol.swift */,
			);
			path = PokemonListModule;
			sourceTree = "<group>";
		};
		193563412ACF02A500AEAEAE /* View */ = {
			isa = PBXGroup;
			children = (
				1935633A2ACEF5A800AEAEAE /* PokemonListView.swift */,
				1935633C2ACEFD0B00AEAEAE /* PokemonListViewInputing.swift */,
				1935633E2ACEFFFF00AEAEAE /* PokemonListViewOutputting.swift */,
			);
			path = View;
			sourceTree = "<group>";
		};
		1935634E2ACF04BA00AEAEAE /* PokemonListInteractor */ = {
			isa = PBXGroup;
			children = (
				193563522ACF04BA00AEAEAE /* PokemonListInteractor.swift */,
				193563512ACF04BA00AEAEAE /* PokemonListInteractorOutputting.swift */,
				193563532ACF04BA00AEAEAE /* PokemonListInteractorInputing.swift */,
			);
			path = PokemonListInteractor;
			sourceTree = "<group>";
		};
		19A4F2432ACF455500E37561 /* Pokemon */ = {
			isa = PBXGroup;
			children = (
				193563232ACEA87400AEAEAE /* Pokemon.swift */,
				19A4F2412ACF2B6200E37561 /* Pokemon+CodingKeys.swift */,
			);
			path = Pokemon;
			sourceTree = "<group>";
		};
/* End PBXGroup section */

/* Begin PBXNativeTarget section */
		193563112ACDCC2B00AEAEAE /* PokemonTestProject */ = {
			isa = PBXNativeTarget;
			buildConfigurationList = 193563202ACDCC2F00AEAEAE /* Build configuration list for PBXNativeTarget "PokemonTestProject" */;
			buildPhases = (
				1935630E2ACDCC2B00AEAEAE /* Sources */,
				1935630F2ACDCC2B00AEAEAE /* Frameworks */,
				193563102ACDCC2B00AEAEAE /* Resources */,
			);
			buildRules = (
			);
			dependencies = (
			);
			name = PokemonTestProject;
			productName = PokemonTestProject;
			productReference = 193563122ACDCC2B00AEAEAE /* PokemonTestProject.app */;
			productType = "com.apple.product-type.application";
		};
/* End PBXNativeTarget section */

/* Begin PBXProject section */
		1935630A2ACDCC2B00AEAEAE /* Project object */ = {
			isa = PBXProject;
			attributes = {
				BuildIndependentTargetsInParallel = 1;
				LastSwiftUpdateCheck = 1500;
				LastUpgradeCheck = 1500;
				TargetAttributes = {
					193563112ACDCC2B00AEAEAE = {
						CreatedOnToolsVersion = 15.0;
					};
				};
			};
			buildConfigurationList = 1935630D2ACDCC2B00AEAEAE /* Build configuration list for PBXProject "PokemonTestProject" */;
			compatibilityVersion = "Xcode 14.0";
			developmentRegion = en;
			hasScannedForEncodings = 0;
			knownRegions = (
				en,
				Base,
			);
			mainGroup = 193563092ACDCC2B00AEAEAE;
			productRefGroup = 193563132ACDCC2B00AEAEAE /* Products */;
			projectDirPath = "";
			projectRoot = "";
			targets = (
				193563112ACDCC2B00AEAEAE /* PokemonTestProject */,
			);
		};
/* End PBXProject section */

/* Begin PBXResourcesBuildPhase section */
		193563102ACDCC2B00AEAEAE /* Resources */ = {
			isa = PBXResourcesBuildPhase;
			buildActionMask = 2147483647;
			files = (
				1935631D2ACDCC2F00AEAEAE /* Preview Assets.xcassets in Resources */,
				1935631A2ACDCC2F00AEAEAE /* Assets.xcassets in Resources */,
			);
			runOnlyForDeploymentPostprocessing = 0;
		};
/* End PBXResourcesBuildPhase section */

/* Begin PBXSourcesBuildPhase section */
		1935630E2ACDCC2B00AEAEAE /* Sources */ = {
			isa = PBXSourcesBuildPhase;
			buildActionMask = 2147483647;
			files = (
				19FEBDAD2ACF0FAA00BEFEB0 /* PokemonListInteractorInputing.swift in Sources */,
				193563352ACEE96200AEAEAE /* AppCache.swift in Sources */,
				19A4F2422ACF2B6200E37561 /* Pokemon+CodingKeys.swift in Sources */,
				193563272ACEA96400AEAEAE /* ListOfPokemons.swift in Sources */,
				1935633B2ACEF5A800AEAEAE /* PokemonListView.swift in Sources */,
				19FEBDAC2ACF0FA800BEFEB0 /* PokemonListInteractorOutputting.swift in Sources */,
				1935633F2ACEFFFF00AEAEAE /* PokemonListViewOutputting.swift in Sources */,
				1935632B2ACED9CB00AEAEAE /* DataSourceAPI.swift in Sources */,
				19A4F2492ACFED3D00E37561 /* TMPView.swift in Sources */,
				193563372ACEF05B00AEAEAE /* NetworkRequestError.swift in Sources */,
				19FEBDAB2ACF0F9900BEFEB0 /* PokemonListInteractor.swift in Sources */,
				1935633D2ACEFD0B00AEAEAE /* PokemonListViewInputing.swift in Sources */,
				1935632D2ACEDAD600AEAEAE /* HTTPHeaders.swift in Sources */,
				193563392ACEF3D800AEAEAE /* NetworkServicing.swift in Sources */,
				193563292ACED8A200AEAEAE /* PokemonIdentity.swift in Sources */,
				19A4F2452ACFE32B00E37561 /* PokemonListRouter.swift in Sources */,
				193563322ACEE69C00AEAEAE /* NetworkService.swift in Sources */,
				1935632F2ACEDB5400AEAEAE /* HTTPMethod.swift in Sources */,
				193563182ACDCC2B00AEAEAE /* ContentView.swift in Sources */,
				193563162ACDCC2B00AEAEAE /* PokemonTestProjectApp.swift in Sources */,
				193563242ACEA87400AEAEAE /* Pokemon.swift in Sources */,
				19A4F2402ACF146C00E37561 /* PokemonListPresenter.swift in Sources */,
				19A4F2472ACFE33F00E37561 /* PokemonListRouterInputProtocol.swift in Sources */,
			);
			runOnlyForDeploymentPostprocessing = 0;
		};
/* End PBXSourcesBuildPhase section */

/* Begin XCBuildConfiguration section */
		1935631E2ACDCC2F00AEAEAE /* Debug */ = {
			isa = XCBuildConfiguration;
			buildSettings = {
				ALWAYS_SEARCH_USER_PATHS = NO;
				ASSETCATALOG_COMPILER_GENERATE_SWIFT_ASSET_SYMBOL_EXTENSIONS = YES;
				CLANG_ANALYZER_NONNULL = YES;
				CLANG_ANALYZER_NUMBER_OBJECT_CONVERSION = YES_AGGRESSIVE;
				CLANG_CXX_LANGUAGE_STANDARD = "gnu++20";
				CLANG_ENABLE_MODULES = YES;
				CLANG_ENABLE_OBJC_ARC = YES;
				CLANG_ENABLE_OBJC_WEAK = YES;
				CLANG_WARN_BLOCK_CAPTURE_AUTORELEASING = YES;
				CLANG_WARN_BOOL_CONVERSION = YES;
				CLANG_WARN_COMMA = YES;
				CLANG_WARN_CONSTANT_CONVERSION = YES;
				CLANG_WARN_DEPRECATED_OBJC_IMPLEMENTATIONS = YES;
				CLANG_WARN_DIRECT_OBJC_ISA_USAGE = YES_ERROR;
				CLANG_WARN_DOCUMENTATION_COMMENTS = YES;
				CLANG_WARN_EMPTY_BODY = YES;
				CLANG_WARN_ENUM_CONVERSION = YES;
				CLANG_WARN_INFINITE_RECURSION = YES;
				CLANG_WARN_INT_CONVERSION = YES;
				CLANG_WARN_NON_LITERAL_NULL_CONVERSION = YES;
				CLANG_WARN_OBJC_IMPLICIT_RETAIN_SELF = YES;
				CLANG_WARN_OBJC_LITERAL_CONVERSION = YES;
				CLANG_WARN_OBJC_ROOT_CLASS = YES_ERROR;
				CLANG_WARN_QUOTED_INCLUDE_IN_FRAMEWORK_HEADER = YES;
				CLANG_WARN_RANGE_LOOP_ANALYSIS = YES;
				CLANG_WARN_STRICT_PROTOTYPES = YES;
				CLANG_WARN_SUSPICIOUS_MOVE = YES;
				CLANG_WARN_UNGUARDED_AVAILABILITY = YES_AGGRESSIVE;
				CLANG_WARN_UNREACHABLE_CODE = YES;
				CLANG_WARN__DUPLICATE_METHOD_MATCH = YES;
				COPY_PHASE_STRIP = NO;
				DEBUG_INFORMATION_FORMAT = dwarf;
				ENABLE_STRICT_OBJC_MSGSEND = YES;
				ENABLE_TESTABILITY = YES;
				ENABLE_USER_SCRIPT_SANDBOXING = YES;
				GCC_C_LANGUAGE_STANDARD = gnu17;
				GCC_DYNAMIC_NO_PIC = NO;
				GCC_NO_COMMON_BLOCKS = YES;
				GCC_OPTIMIZATION_LEVEL = 0;
				GCC_PREPROCESSOR_DEFINITIONS = (
					"DEBUG=1",
					"$(inherited)",
				);
				GCC_WARN_64_TO_32_BIT_CONVERSION = YES;
				GCC_WARN_ABOUT_RETURN_TYPE = YES_ERROR;
				GCC_WARN_UNDECLARED_SELECTOR = YES;
				GCC_WARN_UNINITIALIZED_AUTOS = YES_AGGRESSIVE;
				GCC_WARN_UNUSED_FUNCTION = YES;
				GCC_WARN_UNUSED_VARIABLE = YES;
				IPHONEOS_DEPLOYMENT_TARGET = 17.0;
				LOCALIZATION_PREFERS_STRING_CATALOGS = YES;
				MTL_ENABLE_DEBUG_INFO = INCLUDE_SOURCE;
				MTL_FAST_MATH = YES;
				ONLY_ACTIVE_ARCH = YES;
				SDKROOT = iphoneos;
				SWIFT_ACTIVE_COMPILATION_CONDITIONS = "DEBUG $(inherited)";
				SWIFT_OPTIMIZATION_LEVEL = "-Onone";
			};
			name = Debug;
		};
		1935631F2ACDCC2F00AEAEAE /* Release */ = {
			isa = XCBuildConfiguration;
			buildSettings = {
				ALWAYS_SEARCH_USER_PATHS = NO;
				ASSETCATALOG_COMPILER_GENERATE_SWIFT_ASSET_SYMBOL_EXTENSIONS = YES;
				CLANG_ANALYZER_NONNULL = YES;
				CLANG_ANALYZER_NUMBER_OBJECT_CONVERSION = YES_AGGRESSIVE;
				CLANG_CXX_LANGUAGE_STANDARD = "gnu++20";
				CLANG_ENABLE_MODULES = YES;
				CLANG_ENABLE_OBJC_ARC = YES;
				CLANG_ENABLE_OBJC_WEAK = YES;
				CLANG_WARN_BLOCK_CAPTURE_AUTORELEASING = YES;
				CLANG_WARN_BOOL_CONVERSION = YES;
				CLANG_WARN_COMMA = YES;
				CLANG_WARN_CONSTANT_CONVERSION = YES;
				CLANG_WARN_DEPRECATED_OBJC_IMPLEMENTATIONS = YES;
				CLANG_WARN_DIRECT_OBJC_ISA_USAGE = YES_ERROR;
				CLANG_WARN_DOCUMENTATION_COMMENTS = YES;
				CLANG_WARN_EMPTY_BODY = YES;
				CLANG_WARN_ENUM_CONVERSION = YES;
				CLANG_WARN_INFINITE_RECURSION = YES;
				CLANG_WARN_INT_CONVERSION = YES;
				CLANG_WARN_NON_LITERAL_NULL_CONVERSION = YES;
				CLANG_WARN_OBJC_IMPLICIT_RETAIN_SELF = YES;
				CLANG_WARN_OBJC_LITERAL_CONVERSION = YES;
				CLANG_WARN_OBJC_ROOT_CLASS = YES_ERROR;
				CLANG_WARN_QUOTED_INCLUDE_IN_FRAMEWORK_HEADER = YES;
				CLANG_WARN_RANGE_LOOP_ANALYSIS = YES;
				CLANG_WARN_STRICT_PROTOTYPES = YES;
				CLANG_WARN_SUSPICIOUS_MOVE = YES;
				CLANG_WARN_UNGUARDED_AVAILABILITY = YES_AGGRESSIVE;
				CLANG_WARN_UNREACHABLE_CODE = YES;
				CLANG_WARN__DUPLICATE_METHOD_MATCH = YES;
				COPY_PHASE_STRIP = NO;
				DEBUG_INFORMATION_FORMAT = "dwarf-with-dsym";
				ENABLE_NS_ASSERTIONS = NO;
				ENABLE_STRICT_OBJC_MSGSEND = YES;
				ENABLE_USER_SCRIPT_SANDBOXING = YES;
				GCC_C_LANGUAGE_STANDARD = gnu17;
				GCC_NO_COMMON_BLOCKS = YES;
				GCC_WARN_64_TO_32_BIT_CONVERSION = YES;
				GCC_WARN_ABOUT_RETURN_TYPE = YES_ERROR;
				GCC_WARN_UNDECLARED_SELECTOR = YES;
				GCC_WARN_UNINITIALIZED_AUTOS = YES_AGGRESSIVE;
				GCC_WARN_UNUSED_FUNCTION = YES;
				GCC_WARN_UNUSED_VARIABLE = YES;
				IPHONEOS_DEPLOYMENT_TARGET = 17.0;
				LOCALIZATION_PREFERS_STRING_CATALOGS = YES;
				MTL_ENABLE_DEBUG_INFO = NO;
				MTL_FAST_MATH = YES;
				SDKROOT = iphoneos;
				SWIFT_COMPILATION_MODE = wholemodule;
				VALIDATE_PRODUCT = YES;
			};
			name = Release;
		};
		193563212ACDCC2F00AEAEAE /* Debug */ = {
			isa = XCBuildConfiguration;
			buildSettings = {
				ASSETCATALOG_COMPILER_APPICON_NAME = AppIcon;
				ASSETCATALOG_COMPILER_GLOBAL_ACCENT_COLOR_NAME = AccentColor;
				CODE_SIGN_STYLE = Automatic;
				CURRENT_PROJECT_VERSION = 1;
				DEVELOPMENT_ASSET_PATHS = "\"PokemonTestProject/Preview Content\"";
				DEVELOPMENT_TEAM = S294JL6K3Q;
				ENABLE_PREVIEWS = YES;
				GENERATE_INFOPLIST_FILE = YES;
				INFOPLIST_KEY_UIApplicationSceneManifest_Generation = YES;
				INFOPLIST_KEY_UIApplicationSupportsIndirectInputEvents = YES;
				INFOPLIST_KEY_UILaunchScreen_Generation = YES;
				INFOPLIST_KEY_UISupportedInterfaceOrientations_iPad = "UIInterfaceOrientationPortrait UIInterfaceOrientationPortraitUpsideDown UIInterfaceOrientationLandscapeLeft UIInterfaceOrientationLandscapeRight";
				INFOPLIST_KEY_UISupportedInterfaceOrientations_iPhone = "UIInterfaceOrientationPortrait UIInterfaceOrientationLandscapeLeft UIInterfaceOrientationLandscapeRight";
				LD_RUNPATH_SEARCH_PATHS = (
					"$(inherited)",
					"@executable_path/Frameworks",
				);
				MARKETING_VERSION = 1.0;
				PRODUCT_BUNDLE_IDENTIFIER = "com.ivankirpichonok-gmail.iOS.PokemonTestProject";
				PRODUCT_NAME = "$(TARGET_NAME)";
				SWIFT_EMIT_LOC_STRINGS = YES;
				SWIFT_VERSION = 5.0;
				TARGETED_DEVICE_FAMILY = "1,2";
			};
			name = Debug;
		};
		193563222ACDCC2F00AEAEAE /* Release */ = {
			isa = XCBuildConfiguration;
			buildSettings = {
				ASSETCATALOG_COMPILER_APPICON_NAME = AppIcon;
				ASSETCATALOG_COMPILER_GLOBAL_ACCENT_COLOR_NAME = AccentColor;
				CODE_SIGN_STYLE = Automatic;
				CURRENT_PROJECT_VERSION = 1;
				DEVELOPMENT_ASSET_PATHS = "\"PokemonTestProject/Preview Content\"";
				DEVELOPMENT_TEAM = S294JL6K3Q;
				ENABLE_PREVIEWS = YES;
				GENERATE_INFOPLIST_FILE = YES;
				INFOPLIST_KEY_UIApplicationSceneManifest_Generation = YES;
				INFOPLIST_KEY_UIApplicationSupportsIndirectInputEvents = YES;
				INFOPLIST_KEY_UILaunchScreen_Generation = YES;
				INFOPLIST_KEY_UISupportedInterfaceOrientations_iPad = "UIInterfaceOrientationPortrait UIInterfaceOrientationPortraitUpsideDown UIInterfaceOrientationLandscapeLeft UIInterfaceOrientationLandscapeRight";
				INFOPLIST_KEY_UISupportedInterfaceOrientations_iPhone = "UIInterfaceOrientationPortrait UIInterfaceOrientationLandscapeLeft UIInterfaceOrientationLandscapeRight";
				LD_RUNPATH_SEARCH_PATHS = (
					"$(inherited)",
					"@executable_path/Frameworks",
				);
				MARKETING_VERSION = 1.0;
				PRODUCT_BUNDLE_IDENTIFIER = "com.ivankirpichonok-gmail.iOS.PokemonTestProject";
				PRODUCT_NAME = "$(TARGET_NAME)";
				SWIFT_EMIT_LOC_STRINGS = YES;
				SWIFT_VERSION = 5.0;
				TARGETED_DEVICE_FAMILY = "1,2";
			};
			name = Release;
		};
/* End XCBuildConfiguration section */

/* Begin XCConfigurationList section */
		1935630D2ACDCC2B00AEAEAE /* Build configuration list for PBXProject "PokemonTestProject" */ = {
			isa = XCConfigurationList;
			buildConfigurations = (
				1935631E2ACDCC2F00AEAEAE /* Debug */,
				1935631F2ACDCC2F00AEAEAE /* Release */,
			);
			defaultConfigurationIsVisible = 0;
			defaultConfigurationName = Release;
		};
		193563202ACDCC2F00AEAEAE /* Build configuration list for PBXNativeTarget "PokemonTestProject" */ = {
			isa = XCConfigurationList;
			buildConfigurations = (
				193563212ACDCC2F00AEAEAE /* Debug */,
				193563222ACDCC2F00AEAEAE /* Release */,
			);
			defaultConfigurationIsVisible = 0;
			defaultConfigurationName = Release;
		};
/* End XCConfigurationList section */
	};
	rootObject = 1935630A2ACDCC2B00AEAEAE /* Project object */;
}
